
Microsoft Visual Studio Solution File, Format Version 12.00
# Visual Studio 15
VisualStudioVersion = 15.0.28307.329
MinimumVisualStudioVersion = 10.0.40219.1
Project("{FAE04EC0-301F-11D3-BF4B-00C04F79EFBC}") = "CSharpServerCalculator", "CSharpServerCalculator\CSharpServerCalculator.csproj", "{4535D6B3-FE22-49AC-BC61-9A95CFDFE9E3}"
EndProject
Project("{FAE04EC0-301F-11D3-BF4B-00C04F79EFBC}") = "CSharpServerCalculator.test", "CSharpServerCalculator.test\CSharpServerCalculator.test.csproj", "{4300AF25-7EEA-4A1B-AFAE-6E18F6736A2A}"
EndProject
Global
	GlobalSection(SolutionConfigurationPlatforms) = preSolution
		Debug|Any CPU = Debug|Any CPU
		Release|Any CPU = Release|Any CPU
	EndGlobalSection
	GlobalSection(ProjectConfigurationPlatforms) = postSolution
		{4535D6B3-FE22-49AC-BC61-9A95CFDFE9E3}.Debug|Any CPU.ActiveCfg = Debug|Any CPU
		{4535D6B3-FE22-49AC-BC61-9A95CFDFE9E3}.Debug|Any CPU.Build.0 = Debug|Any CPU
		{4535D6B3-FE22-49AC-BC61-9A95CFDFE9E3}.Release|Any CPU.ActiveCfg = Release|Any CPU
		{4535D6B3-FE22-49AC-BC61-9A95CFDFE9E3}.Release|Any CPU.Build.0 = Release|Any CPU
		{4300AF25-7EEA-4A1B-AFAE-6E18F6736A2A}.Debug|Any CPU.ActiveCfg = Debug|Any CPU
		{4300AF25-7EEA-4A1B-AFAE-6E18F6736A2A}.Debug|Any CPU.Build.0 = Debug|Any CPU
		{4300AF25-7EEA-4A1B-AFAE-6E18F6736A2A}.Release|Any CPU.ActiveCfg = Release|Any CPU
		{4300AF25-7EEA-4A1B-AFAE-6E18F6736A2A}.Release|Any CPU.Build.0 = Release|Any CPU
	EndGlobalSection
	GlobalSection(SolutionProperties) = preSolution
		HideSolutionNode = FALSE
	EndGlobalSection
	GlobalSection(ExtensibilityGlobals) = postSolution
		SolutionGuid = {8B1FDE66-6C1E-478A-A707-7AAC710409F5}
	EndGlobalSection
EndGlobal
